
Microsoft Visual Studio Solution File, Format Version 12.00
# Visual Studio Version 17
VisualStudioVersion = 17.4.33403.182
MinimumVisualStudioVersion = 10.0.40219.1
Project("{9A19103F-16F7-4668-BE54-9A1E7A4F7556}") = "TradingCompanyDbApp", "TradingCompanyDbApp\TradingCompanyDbApp.csproj", "{0C2CC1E5-60D3-4B59-A232-2F5D8C467CFA}"
EndProject
Project("{9A19103F-16F7-4668-BE54-9A1E7A4F7556}") = "TradingCompanyDbApp.DAL", "TradingCompanyDbApp.DAL\TradingCompanyDbApp.DAL.csproj", "{6A338618-C702-4C0E-B6E8-FF2F9B0B1C39}"
EndProject
Project("{9A19103F-16F7-4668-BE54-9A1E7A4F7556}") = "TradingCompanyDbApp.DAL.Tests", "TradingCompanyDbApp.DAL.Tests\TradingCompanyDbApp.DAL.Tests.csproj", "{16EBCE61-5C00-4F42-BC82-6E2ECE385518}"
EndProject
Project("{9A19103F-16F7-4668-BE54-9A1E7A4F7556}") = "TradingCompanyDbApp.DTO", "TradingCompanyDbApp.DTO\TradingCompanyDbApp.DTO.csproj", "{AC0198BB-A43F-4DAF-B897-8EA0B6BCB733}"
EndProject
Global
	GlobalSection(SolutionConfigurationPlatforms) = preSolution
		Debug|Any CPU = Debug|Any CPU
		Release|Any CPU = Release|Any CPU
	EndGlobalSection
	GlobalSection(ProjectConfigurationPlatforms) = postSolution
		{0C2CC1E5-60D3-4B59-A232-2F5D8C467CFA}.Debug|Any CPU.ActiveCfg = Debug|Any CPU
		{0C2CC1E5-60D3-4B59-A232-2F5D8C467CFA}.Debug|Any CPU.Build.0 = Debug|Any CPU
		{0C2CC1E5-60D3-4B59-A232-2F5D8C467CFA}.Release|Any CPU.ActiveCfg = Release|Any CPU
		{0C2CC1E5-60D3-4B59-A232-2F5D8C467CFA}.Release|Any CPU.Build.0 = Release|Any CPU
		{6A338618-C702-4C0E-B6E8-FF2F9B0B1C39}.Debug|Any CPU.ActiveCfg = Debug|Any CPU
		{6A338618-C702-4C0E-B6E8-FF2F9B0B1C39}.Debug|Any CPU.Build.0 = Debug|Any CPU
		{6A338618-C702-4C0E-B6E8-FF2F9B0B1C39}.Release|Any CPU.ActiveCfg = Release|Any CPU
		{6A338618-C702-4C0E-B6E8-FF2F9B0B1C39}.Release|Any CPU.Build.0 = Release|Any CPU
		{16EBCE61-5C00-4F42-BC82-6E2ECE385518}.Debug|Any CPU.ActiveCfg = Debug|Any CPU
		{16EBCE61-5C00-4F42-BC82-6E2ECE385518}.Debug|Any CPU.Build.0 = Debug|Any CPU
		{16EBCE61-5C00-4F42-BC82-6E2ECE385518}.Release|Any CPU.ActiveCfg = Release|Any CPU
		{16EBCE61-5C00-4F42-BC82-6E2ECE385518}.Release|Any CPU.Build.0 = Release|Any CPU
		{AC0198BB-A43F-4DAF-B897-8EA0B6BCB733}.Debug|Any CPU.ActiveCfg = Debug|Any CPU
		{AC0198BB-A43F-4DAF-B897-8EA0B6BCB733}.Debug|Any CPU.Build.0 = Debug|Any CPU
		{AC0198BB-A43F-4DAF-B897-8EA0B6BCB733}.Release|Any CPU.ActiveCfg = Release|Any CPU
		{AC0198BB-A43F-4DAF-B897-8EA0B6BCB733}.Release|Any CPU.Build.0 = Release|Any CPU
	EndGlobalSection
	GlobalSection(SolutionProperties) = preSolution
		HideSolutionNode = FALSE
	EndGlobalSection
	GlobalSection(ExtensibilityGlobals) = postSolution
		SolutionGuid = {DEDE13C6-17D9-4378-867F-58A13B0CDFE1}
	EndGlobalSection
EndGlobal
